// !$*UTF8*$!
{
	archiveVersion = 1;
	classes = {
	};
	objectVersion = 56;
	objects = {

/* Begin PBXBuildFile section */
		D107D85929EAB9F60029B195 /* newFileWail.swift in Sources */ = {isa = PBXBuildFile; fileRef = D107D85829EAB9F60029B195 /* newFileWail.swift */; };
		D107D86229EAE1E20029B195 /* GitHibCourceTests.swift in Sources */ = {isa = PBXBuildFile; fileRef = D107D86129EAE1E20029B195 /* GitHibCourceTests.swift */; };
		D107D86929EAE76D0029B195 /* ViewControllerTest.swift in Sources */ = {isa = PBXBuildFile; fileRef = D107D86829EAE76D0029B195 /* ViewControllerTest.swift */; };
		D1A1E1A029EAB4EA0047804A /* AppDelegate.swift in Sources */ = {isa = PBXBuildFile; fileRef = D1A1E19F29EAB4EA0047804A /* AppDelegate.swift */; };
		D1A1E1A229EAB4EA0047804A /* SceneDelegate.swift in Sources */ = {isa = PBXBuildFile; fileRef = D1A1E1A129EAB4EA0047804A /* SceneDelegate.swift */; };
		D1A1E1A429EAB4EA0047804A /* ViewController.swift in Sources */ = {isa = PBXBuildFile; fileRef = D1A1E1A329EAB4EA0047804A /* ViewController.swift */; };
		D1A1E1A729EAB4EB0047804A /* Main.storyboard in Resources */ = {isa = PBXBuildFile; fileRef = D1A1E1A529EAB4EB0047804A /* Main.storyboard */; };
		D1A1E1A929EAB4ED0047804A /* Assets.xcassets in Resources */ = {isa = PBXBuildFile; fileRef = D1A1E1A829EAB4ED0047804A /* Assets.xcassets */; };
		D1A1E1AC29EAB4ED0047804A /* LaunchScreen.storyboard in Resources */ = {isa = PBXBuildFile; fileRef = D1A1E1AA29EAB4ED0047804A /* LaunchScreen.storyboard */; };
/* End PBXBuildFile section */

/* Begin PBXContainerItemProxy section */
		D107D86329EAE1E20029B195 /* PBXContainerItemProxy */ = {
			isa = PBXContainerItemProxy;
			containerPortal = D1A1E19429EAB4EA0047804A /* Project object */;
			proxyType = 1;
			remoteGlobalIDString = D1A1E19B29EAB4EA0047804A;
			remoteInfo = GitHibCource;
		};
/* End PBXContainerItemProxy section */

/* Begin PBXFileReference section */
		D107D85829EAB9F60029B195 /* newFileWail.swift */ = {isa = PBXFileReference; lastKnownFileType = sourcecode.swift; path = newFileWail.swift; sourceTree = "<group>"; };
		D107D85F29EAE1E20029B195 /* GitHibCourceTests.xctest */ = {isa = PBXFileReference; explicitFileType = wrapper.cfbundle; includeInIndex = 0; path = GitHibCourceTests.xctest; sourceTree = BUILT_PRODUCTS_DIR; };
		D107D86129EAE1E20029B195 /* GitHibCourceTests.swift */ = {isa = PBXFileReference; lastKnownFileType = sourcecode.swift; path = GitHibCourceTests.swift; sourceTree = "<group>"; };
		D107D86829EAE76D0029B195 /* ViewControllerTest.swift */ = {isa = PBXFileReference; lastKnownFileType = sourcecode.swift; path = ViewControllerTest.swift; sourceTree = "<group>"; };
		D1A1E19C29EAB4EA0047804A /* GitHibCource.app */ = {isa = PBXFileReference; explicitFileType = wrapper.application; includeInIndex = 0; path = GitHibCource.app; sourceTree = BUILT_PRODUCTS_DIR; };
		D1A1E19F29EAB4EA0047804A /* AppDelegate.swift */ = {isa = PBXFileReference; lastKnownFileType = sourcecode.swift; path = AppDelegate.swift; sourceTree = "<group>"; };
		D1A1E1A129EAB4EA0047804A /* SceneDelegate.swift */ = {isa = PBXFileReference; lastKnownFileType = sourcecode.swift; path = SceneDelegate.swift; sourceTree = "<group>"; };
		D1A1E1A329EAB4EA0047804A /* ViewController.swift */ = {isa = PBXFileReference; lastKnownFileType = sourcecode.swift; path = ViewController.swift; sourceTree = "<group>"; };
		D1A1E1A629EAB4EB0047804A /* Base */ = {isa = PBXFileReference; lastKnownFileType = file.storyboard; name = Base; path = Base.lproj/Main.storyboard; sourceTree = "<group>"; };
		D1A1E1A829EAB4ED0047804A /* Assets.xcassets */ = {isa = PBXFileReference; lastKnownFileType = folder.assetcatalog; path = Assets.xcassets; sourceTree = "<group>"; };
		D1A1E1AB29EAB4ED0047804A /* Base */ = {isa = PBXFileReference; lastKnownFileType = file.storyboard; name = Base; path = Base.lproj/LaunchScreen.storyboard; sourceTree = "<group>"; };
		D1A1E1AD29EAB4ED0047804A /* Info.plist */ = {isa = PBXFileReference; lastKnownFileType = text.plist.xml; path = Info.plist; sourceTree = "<group>"; };
/* End PBXFileReference section */

/* Begin PBXFrameworksBuildPhase section */
		D107D85C29EAE1E20029B195 /* Frameworks */ = {
			isa = PBXFrameworksBuildPhase;
			buildActionMask = 2147483647;
			files = (
			);
			runOnlyForDeploymentPostprocessing = 0;
		};
		D1A1E19929EAB4EA0047804A /* Frameworks */ = {
			isa = PBXFrameworksBuildPhase;
			buildActionMask = 2147483647;
			files = (
			);
			runOnlyForDeploymentPostprocessing = 0;
		};
/* End PBXFrameworksBuildPhase section */

/* Begin PBXGroup section */
		D107D86029EAE1E20029B195 /* GitHibCourceTests */ = {
			isa = PBXGroup;
			children = (
				D107D86129EAE1E20029B195 /* GitHibCourceTests.swift */,
				D107D86829EAE76D0029B195 /* ViewControllerTest.swift */,
			);
			path = GitHibCourceTests;
			sourceTree = "<group>";
		};
		D1A1E19329EAB4EA0047804A = {
			isa = PBXGroup;
			children = (
				D1A1E19E29EAB4EA0047804A /* GitHibCource */,
				D107D86029EAE1E20029B195 /* GitHibCourceTests */,
				D1A1E19D29EAB4EA0047804A /* Products */,
			);
			sourceTree = "<group>";
		};
		D1A1E19D29EAB4EA0047804A /* Products */ = {
			isa = PBXGroup;
			children = (
				D1A1E19C29EAB4EA0047804A /* GitHibCource.app */,
				D107D85F29EAE1E20029B195 /* GitHibCourceTests.xctest */,
			);
			name = Products;
			sourceTree = "<group>";
		};
		D1A1E19E29EAB4EA0047804A /* GitHibCource */ = {
			isa = PBXGroup;
			children = (
				D1A1E19F29EAB4EA0047804A /* AppDelegate.swift */,
				D1A1E1A129EAB4EA0047804A /* SceneDelegate.swift */,
				D1A1E1A329EAB4EA0047804A /* ViewController.swift */,
				D1A1E1A529EAB4EB0047804A /* Main.storyboard */,
				D1A1E1A829EAB4ED0047804A /* Assets.xcassets */,
				D1A1E1AA29EAB4ED0047804A /* LaunchScreen.storyboard */,
				D1A1E1AD29EAB4ED0047804A /* Info.plist */,
				D107D85829EAB9F60029B195 /* newFileWail.swift */,
			);
			path = GitHibCource;
			sourceTree = "<group>";
		};
/* End PBXGroup section */

/* Begin PBXNativeTarget section */
		D107D85E29EAE1E20029B195 /* GitHibCourceTests */ = {
			isa = PBXNativeTarget;
			buildConfigurationList = D107D86529EAE1E20029B195 /* Build configuration list for PBXNativeTarget "GitHibCourceTests" */;
			buildPhases = (
				D107D85B29EAE1E20029B195 /* Sources */,
				D107D85C29EAE1E20029B195 /* Frameworks */,
				D107D85D29EAE1E20029B195 /* Resources */,
			);
			buildRules = (
			);
			dependencies = (
				D107D86429EAE1E20029B195 /* PBXTargetDependency */,
			);
			name = GitHibCourceTests;
			productName = GitHibCourceTests;
			productReference = D107D85F29EAE1E20029B195 /* GitHibCourceTests.xctest */;
			productType = "com.apple.product-type.bundle.unit-test";
		};
		D1A1E19B29EAB4EA0047804A /* GitHibCource */ = {
			isa = PBXNativeTarget;
			buildConfigurationList = D1A1E1B029EAB4ED0047804A /* Build configuration list for PBXNativeTarget "GitHibCource" */;
			buildPhases = (
				D1A1E19829EAB4EA0047804A /* Sources */,
				D1A1E19929EAB4EA0047804A /* Frameworks */,
				D1A1E19A29EAB4EA0047804A /* Resources */,
			);
			buildRules = (
			);
			dependencies = (
			);
			name = GitHibCource;
			productName = GitHibCource;
			productReference = D1A1E19C29EAB4EA0047804A /* GitHibCource.app */;
			productType = "com.apple.product-type.application";
		};
/* End PBXNativeTarget section */

/* Begin PBXProject section */
		D1A1E19429EAB4EA0047804A /* Project object */ = {
			isa = PBXProject;
			attributes = {
				BuildIndependentTargetsInParallel = 1;
				LastSwiftUpdateCheck = 1420;
				LastUpgradeCheck = 1420;
				TargetAttributes = {
					D107D85E29EAE1E20029B195 = {
						CreatedOnToolsVersion = 14.2;
						TestTargetID = D1A1E19B29EAB4EA0047804A;
					};
					D1A1E19B29EAB4EA0047804A = {
						CreatedOnToolsVersion = 14.2;
					};
				};
			};
			buildConfigurationList = D1A1E19729EAB4EA0047804A /* Build configuration list for PBXProject "GitHibCource" */;
			compatibilityVersion = "Xcode 14.0";
			developmentRegion = en;
			hasScannedForEncodings = 0;
			knownRegions = (
				en,
				Base,
			);
			mainGroup = D1A1E19329EAB4EA0047804A;
			productRefGroup = D1A1E19D29EAB4EA0047804A /* Products */;
			projectDirPath = "";
			projectRoot = "";
			targets = (
				D1A1E19B29EAB4EA0047804A /* GitHibCource */,
				D107D85E29EAE1E20029B195 /* GitHibCourceTests */,
			);
		};
/* End PBXProject section */

/* Begin PBXResourcesBuildPhase section */
		D107D85D29EAE1E20029B195 /* Resources */ = {
			isa = PBXResourcesBuildPhase;
			buildActionMask = 2147483647;
			files = (
			);
			runOnlyForDeploymentPostprocessing = 0;
		};
		D1A1E19A29EAB4EA0047804A /* Resources */ = {
			isa = PBXResourcesBuildPhase;
			buildActionMask = 2147483647;
			files = (
				D1A1E1AC29EAB4ED0047804A /* LaunchScreen.storyboard in Resources */,
				D1A1E1A929EAB4ED0047804A /* Assets.xcassets in Resources */,
				D1A1E1A729EAB4EB0047804A /* Main.storyboard in Resources */,
			);
			runOnlyForDeploymentPostprocessing = 0;
		};
/* End PBXResourcesBuildPhase section */

/* Begin PBXSourcesBuildPhase section */
		D107D85B29EAE1E20029B195 /* Sources */ = {
			isa = PBXSourcesBuildPhase;
			buildActionMask = 2147483647;
			files = (
				D107D86929EAE76D0029B195 /* ViewControllerTest.swift in Sources */,
				D107D86229EAE1E20029B195 /* GitHibCourceTests.swift in Sources */,
			);
			runOnlyForDeploymentPostprocessing = 0;
		};
		D1A1E19829EAB4EA0047804A /* Sources */ = {
			isa = PBXSourcesBuildPhase;
			buildActionMask = 2147483647;
			files = (
				D1A1E1A429EAB4EA0047804A /* ViewController.swift in Sources */,
				D1A1E1A029EAB4EA0047804A /* AppDelegate.swift in Sources */,
				D1A1E1A229EAB4EA0047804A /* SceneDelegate.swift in Sources */,
				D107D85929EAB9F60029B195 /* newFileWail.swift in Sources */,
			);
			runOnlyForDeploymentPostprocessing = 0;
		};
/* End PBXSourcesBuildPhase section */

/* Begin PBXTargetDependency section */
		D107D86429EAE1E20029B195 /* PBXTargetDependency */ = {
			isa = PBXTargetDependency;
			target = D1A1E19B29EAB4EA0047804A /* GitHibCource */;
			targetProxy = D107D86329EAE1E20029B195 /* PBXContainerItemProxy */;
		};
/* End PBXTargetDependency section */

/* Begin PBXVariantGroup section */
		D1A1E1A529EAB4EB0047804A /* Main.storyboard */ = {
			isa = PBXVariantGroup;
			children = (
				D1A1E1A629EAB4EB0047804A /* Base */,
			);
			name = Main.storyboard;
			sourceTree = "<group>";
		};
		D1A1E1AA29EAB4ED0047804A /* LaunchScreen.storyboard */ = {
			isa = PBXVariantGroup;
			children = (
				D1A1E1AB29EAB4ED0047804A /* Base */,
			);
			name = LaunchScreen.storyboard;
			sourceTree = "<group>";
		};
/* End PBXVariantGroup section */

/* Begin XCBuildConfiguration section */
		D107D86629EAE1E20029B195 /* Debug */ = {
			isa = XCBuildConfiguration;
			buildSettings = {
				BUNDLE_LOADER = "$(TEST_HOST)";
				CODE_SIGN_STYLE = Automatic;
				CURRENT_PROJECT_VERSION = 1;
				DEVELOPMENT_TEAM = 74YH76FB8C;
				GENERATE_INFOPLIST_FILE = YES;
				MARKETING_VERSION = 1.0;
				PRODUCT_BUNDLE_IDENTIFIER = com.tatayab.leakDataProject.GitHibCourceTests;
				PRODUCT_NAME = "$(TARGET_NAME)";
				SWIFT_EMIT_LOC_STRINGS = NO;
				SWIFT_VERSION = 5.0;
				TARGETED_DEVICE_FAMILY = "1,2";
				TEST_HOST = "$(BUILT_PRODUCTS_DIR)/GitHibCource.app/$(BUNDLE_EXECUTABLE_FOLDER_PATH)/GitHibCource";
			};
			name = Debug;
		};
		D107D86729EAE1E20029B195 /* Release */ = {
			isa = XCBuildConfiguration;
			buildSettings = {
				BUNDLE_LOADER = "$(TEST_HOST)";
				CODE_SIGN_STYLE = Automatic;
				CURRENT_PROJECT_VERSION = 1;
				DEVELOPMENT_TEAM = 74YH76FB8C;
				GENERATE_INFOPLIST_FILE = YES;
				MARKETING_VERSION = 1.0;
				PRODUCT_BUNDLE_IDENTIFIER = com.tatayab.leakDataProject.GitHibCourceTests;
				PRODUCT_NAME = "$(TARGET_NAME)";
				SWIFT_EMIT_LOC_STRINGS = NO;
				SWIFT_VERSION = 5.0;
				TARGETED_DEVICE_FAMILY = "1,2";
				TEST_HOST = "$(BUILT_PRODUCTS_DIR)/GitHibCource.app/$(BUNDLE_EXECUTABLE_FOLDER_PATH)/GitHibCource";
			};
			name = Release;
		};
		D1A1E1AE29EAB4ED0047804A /* Debug */ = {
			isa = XCBuildConfiguration;
			buildSettings = {
				ALWAYS_SEARCH_USER_PATHS = NO;
				CLANG_ANALYZER_NONNULL = YES;
				CLANG_ANALYZER_NUMBER_OBJECT_CONVERSION = YES_AGGRESSIVE;
				CLANG_CXX_LANGUAGE_STANDARD = "gnu++20";
				CLANG_ENABLE_MODULES = YES;
				CLANG_ENABLE_OBJC_ARC = YES;
				CLANG_ENABLE_OBJC_WEAK = YES;
				CLANG_WARN_BLOCK_CAPTURE_AUTORELEASING = YES;
				CLANG_WARN_BOOL_CONVERSION = YES;
				CLANG_WARN_COMMA = YES;
				CLANG_WARN_CONSTANT_CONVERSION = YES;
				CLANG_WARN_DEPRECATED_OBJC_IMPLEMENTATIONS = YES;
				CLANG_WARN_DIRECT_OBJC_ISA_USAGE = YES_ERROR;
				CLANG_WARN_DOCUMENTATION_COMMENTS = YES;
				CLANG_WARN_EMPTY_BODY = YES;
				CLANG_WARN_ENUM_CONVERSION = YES;
				CLANG_WARN_INFINITE_RECURSION = YES;
				CLANG_WARN_INT_CONVERSION = YES;
				CLANG_WARN_NON_LITERAL_NULL_CONVERSION = YES;
				CLANG_WARN_OBJC_IMPLICIT_RETAIN_SELF = YES;
				CLANG_WARN_OBJC_LITERAL_CONVERSION = YES;
				CLANG_WARN_OBJC_ROOT_CLASS = YES_ERROR;
				CLANG_WARN_QUOTED_INCLUDE_IN_FRAMEWORK_HEADER = YES;
				CLANG_WARN_RANGE_LOOP_ANALYSIS = YES;
				CLANG_WARN_STRICT_PROTOTYPES = YES;
				CLANG_WARN_SUSPICIOUS_MOVE = YES;
				CLANG_WARN_UNGUARDED_AVAILABILITY = YES_AGGRESSIVE;
				CLANG_WARN_UNREACHABLE_CODE = YES;
				CLANG_WARN__DUPLICATE_METHOD_MATCH = YES;
				COPY_PHASE_STRIP = NO;
				DEBUG_INFORMATION_FORMAT = dwarf;
				ENABLE_STRICT_OBJC_MSGSEND = YES;
				ENABLE_TESTABILITY = YES;
				GCC_C_LANGUAGE_STANDARD = gnu11;
				GCC_DYNAMIC_NO_PIC = NO;
				GCC_NO_COMMON_BLOCKS = YES;
				GCC_OPTIMIZATION_LEVEL = 0;
				GCC_PREPROCESSOR_DEFINITIONS = (
					"DEBUG=1",
					"$(inherited)",
				);
				GCC_WARN_64_TO_32_BIT_CONVERSION = YES;
				GCC_WARN_ABOUT_RETURN_TYPE = YES_ERROR;
				GCC_WARN_UNDECLARED_SELECTOR = YES;
				GCC_WARN_UNINITIALIZED_AUTOS = YES_AGGRESSIVE;
				GCC_WARN_UNUSED_FUNCTION = YES;
				GCC_WARN_UNUSED_VARIABLE = YES;
				IPHONEOS_DEPLOYMENT_TARGET = 16.2;
				MTL_ENABLE_DEBUG_INFO = INCLUDE_SOURCE;
				MTL_FAST_MATH = YES;
				ONLY_ACTIVE_ARCH = YES;
				SDKROOT = iphoneos;
				SWIFT_ACTIVE_COMPILATION_CONDITIONS = DEBUG;
				SWIFT_OPTIMIZATION_LEVEL = "-Onone";
			};
			name = Debug;
		};
		D1A1E1AF29EAB4ED0047804A /* Release */ = {
			isa = XCBuildConfiguration;
			buildSettings = {
				ALWAYS_SEARCH_USER_PATHS = NO;
				CLANG_ANALYZER_NONNULL = YES;
				CLANG_ANALYZER_NUMBER_OBJECT_CONVERSION = YES_AGGRESSIVE;
				CLANG_CXX_LANGUAGE_STANDARD = "gnu++20";
				CLANG_ENABLE_MODULES = YES;
				CLANG_ENABLE_OBJC_ARC = YES;
				CLANG_ENABLE_OBJC_WEAK = YES;
				CLANG_WARN_BLOCK_CAPTURE_AUTORELEASING = YES;
				CLANG_WARN_BOOL_CONVERSION = YES;
				CLANG_WARN_COMMA = YES;
				CLANG_WARN_CONSTANT_CONVERSION = YES;
				CLANG_WARN_DEPRECATED_OBJC_IMPLEMENTATIONS = YES;
				CLANG_WARN_DIRECT_OBJC_ISA_USAGE = YES_ERROR;
				CLANG_WARN_DOCUMENTATION_COMMENTS = YES;
				CLANG_WARN_EMPTY_BODY = YES;
				CLANG_WARN_ENUM_CONVERSION = YES;
				CLANG_WARN_INFINITE_RECURSION = YES;
				CLANG_WARN_INT_CONVERSION = YES;
				CLANG_WARN_NON_LITERAL_NULL_CONVERSION = YES;
				CLANG_WARN_OBJC_IMPLICIT_RETAIN_SELF = YES;
				CLANG_WARN_OBJC_LITERAL_CONVERSION = YES;
				CLANG_WARN_OBJC_ROOT_CLASS = YES_ERROR;
				CLANG_WARN_QUOTED_INCLUDE_IN_FRAMEWORK_HEADER = YES;
				CLANG_WARN_RANGE_LOOP_ANALYSIS = YES;
				CLANG_WARN_STRICT_PROTOTYPES = YES;
				CLANG_WARN_SUSPICIOUS_MOVE = YES;
				CLANG_WARN_UNGUARDED_AVAILABILITY = YES_AGGRESSIVE;
				CLANG_WARN_UNREACHABLE_CODE = YES;
				CLANG_WARN__DUPLICATE_METHOD_MATCH = YES;
				COPY_PHASE_STRIP = NO;
				DEBUG_INFORMATION_FORMAT = "dwarf-with-dsym";
				ENABLE_NS_ASSERTIONS = NO;
				ENABLE_STRICT_OBJC_MSGSEND = YES;
				GCC_C_LANGUAGE_STANDARD = gnu11;
				GCC_NO_COMMON_BLOCKS = YES;
				GCC_WARN_64_TO_32_BIT_CONVERSION = YES;
				GCC_WARN_ABOUT_RETURN_TYPE = YES_ERROR;
				GCC_WARN_UNDECLARED_SELECTOR = YES;
				GCC_WARN_UNINITIALIZED_AUTOS = YES_AGGRESSIVE;
				GCC_WARN_UNUSED_FUNCTION = YES;
				GCC_WARN_UNUSED_VARIABLE = YES;
				IPHONEOS_DEPLOYMENT_TARGET = 16.2;
				MTL_ENABLE_DEBUG_INFO = NO;
				MTL_FAST_MATH = YES;
				SDKROOT = iphoneos;
				SWIFT_COMPILATION_MODE = wholemodule;
				SWIFT_OPTIMIZATION_LEVEL = "-O";
				VALIDATE_PRODUCT = YES;
			};
			name = Release;
		};
		D1A1E1B129EAB4ED0047804A /* Debug */ = {
			isa = XCBuildConfiguration;
			buildSettings = {
				ASSETCATALOG_COMPILER_APPICON_NAME = AppIcon;
				ASSETCATALOG_COMPILER_GLOBAL_ACCENT_COLOR_NAME = AccentColor;
				CODE_SIGN_STYLE = Automatic;
				CURRENT_PROJECT_VERSION = 1;
				DEVELOPMENT_TEAM = 74YH76FB8C;
				GENERATE_INFOPLIST_FILE = YES;
				INFOPLIST_FILE = GitHibCource/Info.plist;
				INFOPLIST_KEY_UIApplicationSupportsIndirectInputEvents = YES;
				INFOPLIST_KEY_UILaunchStoryboardName = LaunchScreen;
				INFOPLIST_KEY_UIMainStoryboardFile = Main;
				INFOPLIST_KEY_UISupportedInterfaceOrientations_iPad = "UIInterfaceOrientationPortrait UIInterfaceOrientationPortraitUpsideDown UIInterfaceOrientationLandscapeLeft UIInterfaceOrientationLandscapeRight";
				INFOPLIST_KEY_UISupportedInterfaceOrientations_iPhone = "UIInterfaceOrientationPortrait UIInterfaceOrientationLandscapeLeft UIInterfaceOrientationLandscapeRight";
				LD_RUNPATH_SEARCH_PATHS = (
					"$(inherited)",
					"@executable_path/Frameworks",
				);
				MARKETING_VERSION = 1.0;
				PRODUCT_BUNDLE_IDENTIFIER = com.tatayab.leakDataProject.GitHibCource;
				PRODUCT_NAME = "$(TARGET_NAME)";
				SWIFT_EMIT_LOC_STRINGS = YES;
				SWIFT_VERSION = 5.0;
				TARGETED_DEVICE_FAMILY = "1,2";
			};
			name = Debug;
		};
		D1A1E1B229EAB4ED0047804A /* Release */ = {
			isa = XCBuildConfiguration;
			buildSettings = {
				ASSETCATALOG_COMPILER_APPICON_NAME = AppIcon;
				ASSETCATALOG_COMPILER_GLOBAL_ACCENT_COLOR_NAME = AccentColor;
				CODE_SIGN_STYLE = Automatic;
				CURRENT_PROJECT_VERSION = 1;
				DEVELOPMENT_TEAM = 74YH76FB8C;
				GENERATE_INFOPLIST_FILE = YES;
				INFOPLIST_FILE = GitHibCource/Info.plist;
				INFOPLIST_KEY_UIApplicationSupportsIndirectInputEvents = YES;
				INFOPLIST_KEY_UILaunchStoryboardName = LaunchScreen;
				INFOPLIST_KEY_UIMainStoryboardFile = Main;
				INFOPLIST_KEY_UISupportedInterfaceOrientations_iPad = "UIInterfaceOrientationPortrait UIInterfaceOrientationPortraitUpsideDown UIInterfaceOrientationLandscapeLeft UIInterfaceOrientationLandscapeRight";
				INFOPLIST_KEY_UISupportedInterfaceOrientations_iPhone = "UIInterfaceOrientationPortrait UIInterfaceOrientationLandscapeLeft UIInterfaceOrientationLandscapeRight";
				LD_RUNPATH_SEARCH_PATHS = (
					"$(inherited)",
					"@executable_path/Frameworks",
				);
				MARKETING_VERSION = 1.0;
				PRODUCT_BUNDLE_IDENTIFIER = com.tatayab.leakDataProject.GitHibCource;
				PRODUCT_NAME = "$(TARGET_NAME)";
				SWIFT_EMIT_LOC_STRINGS = YES;
				SWIFT_VERSION = 5.0;
				TARGETED_DEVICE_FAMILY = "1,2";
			};
			name = Release;
		};
/* End XCBuildConfiguration section */

/* Begin XCConfigurationList section */
		D107D86529EAE1E20029B195 /* Build configuration list for PBXNativeTarget "GitHibCourceTests" */ = {
			isa = XCConfigurationList;
			buildConfigurations = (
				D107D86629EAE1E20029B195 /* Debug */,
				D107D86729EAE1E20029B195 /* Release */,
			);
			defaultConfigurationIsVisible = 0;
			defaultConfigurationName = Release;
		};
		D1A1E19729EAB4EA0047804A /* Build configuration list for PBXProject "GitHibCource" */ = {
			isa = XCConfigurationList;
			buildConfigurations = (
				D1A1E1AE29EAB4ED0047804A /* Debug */,
				D1A1E1AF29EAB4ED0047804A /* Release */,
			);
			defaultConfigurationIsVisible = 0;
			defaultConfigurationName = Release;
		};
		D1A1E1B029EAB4ED0047804A /* Build configuration list for PBXNativeTarget "GitHibCource" */ = {
			isa = XCConfigurationList;
			buildConfigurations = (
				D1A1E1B129EAB4ED0047804A /* Debug */,
				D1A1E1B229EAB4ED0047804A /* Release */,
			);
			defaultConfigurationIsVisible = 0;
			defaultConfigurationName = Release;
		};
/* End XCConfigurationList section */
	};
	rootObject = D1A1E19429EAB4EA0047804A /* Project object */;
}
